
Microsoft Visual Studio Solution File, Format Version 12.00
# Visual Studio 2015
Project("{FAE04EC0-301F-11D3-BF4B-00C04F79EFBC}") = "MY 2D MOBILE GAME.CSharp", "MY 2D MOBILE GAME.CSharp.csproj", "{FEA6C582-74E3-76D2-794C-0AECA284FCA5}"
EndProject
Global
	GlobalSection(SolutionConfigurationPlatforms) = preSolution
		Debug|Any CPU = Debug|Any CPU
		Release|Any CPU = Release|Any CPU
	EndGlobalSection
	GlobalSection(ProjectConfigurationPlatforms) = postSolution
		{FEA6C582-74E3-76D2-794C-0AECA284FCA5}.Debug|Any CPU.ActiveCfg = Debug|Any CPU
		{FEA6C582-74E3-76D2-794C-0AECA284FCA5}.Debug|Any CPU.Build.0 = Debug|Any CPU
		{FEA6C582-74E3-76D2-794C-0AECA284FCA5}.Release|Any CPU.ActiveCfg = Release|Any CPU
		{FEA6C582-74E3-76D2-794C-0AECA284FCA5}.Release|Any CPU.Build.0 = Release|Any CPU
	EndGlobalSection
	GlobalSection(SolutionProperties) = preSolution
		HideSolutionNode = FALSE
	EndGlobalSection
EndGlobal
