
Microsoft Visual Studio Solution File, Format Version 11.00
# Visual Studio 2010
Project("{FAE04EC0-301F-11D3-BF4B-00C04F79EFBC}") = "Prototype Updated", "Assembly-CSharp.csproj", "{AD121C5E-5C13-30F0-EBCB-5414396A121E}"
EndProject
Project("{FAE04EC0-301F-11D3-BF4B-00C04F79EFBC}") = "Prototype Updated", "Assembly-CSharp-firstpass.csproj", "{4CDA9A0A-6E56-9327-506B-7D03AE6C3564}"
EndProject
Project("{FAE04EC0-301F-11D3-BF4B-00C04F79EFBC}") = "Prototype Updated", "Assembly-CSharp-Editor.csproj", "{831D3425-6EE9-A5E6-29B9-5374E7026C77}"
EndProject
Project("{FAE04EC0-301F-11D3-BF4B-00C04F79EFBC}") = "Prototype Updated", "Assembly-CSharp-Editor-firstpass.csproj", "{3056FAE4-EEB2-71C4-62F0-120883E6DB40}"
EndProject
Global
	GlobalSection(SolutionConfigurationPlatforms) = preSolution
		Debug|Any CPU = Debug|Any CPU
		Release|Any CPU = Release|Any CPU
	EndGlobalSection
	GlobalSection(ProjectConfigurationPlatforms) = postSolution
		{AD121C5E-5C13-30F0-EBCB-5414396A121E}.Debug|Any CPU.ActiveCfg = Debug|Any CPU
		{AD121C5E-5C13-30F0-EBCB-5414396A121E}.Debug|Any CPU.Build.0 = Debug|Any CPU
		{AD121C5E-5C13-30F0-EBCB-5414396A121E}.Release|Any CPU.ActiveCfg = Release|Any CPU
		{AD121C5E-5C13-30F0-EBCB-5414396A121E}.Release|Any CPU.Build.0 = Release|Any CPU
		{4CDA9A0A-6E56-9327-506B-7D03AE6C3564}.Debug|Any CPU.ActiveCfg = Debug|Any CPU
		{4CDA9A0A-6E56-9327-506B-7D03AE6C3564}.Debug|Any CPU.Build.0 = Debug|Any CPU
		{4CDA9A0A-6E56-9327-506B-7D03AE6C3564}.Release|Any CPU.ActiveCfg = Release|Any CPU
		{4CDA9A0A-6E56-9327-506B-7D03AE6C3564}.Release|Any CPU.Build.0 = Release|Any CPU
		{831D3425-6EE9-A5E6-29B9-5374E7026C77}.Debug|Any CPU.ActiveCfg = Debug|Any CPU
		{831D3425-6EE9-A5E6-29B9-5374E7026C77}.Debug|Any CPU.Build.0 = Debug|Any CPU
		{831D3425-6EE9-A5E6-29B9-5374E7026C77}.Release|Any CPU.ActiveCfg = Release|Any CPU
		{831D3425-6EE9-A5E6-29B9-5374E7026C77}.Release|Any CPU.Build.0 = Release|Any CPU
		{3056FAE4-EEB2-71C4-62F0-120883E6DB40}.Debug|Any CPU.ActiveCfg = Debug|Any CPU
		{3056FAE4-EEB2-71C4-62F0-120883E6DB40}.Debug|Any CPU.Build.0 = Debug|Any CPU
		{3056FAE4-EEB2-71C4-62F0-120883E6DB40}.Release|Any CPU.ActiveCfg = Release|Any CPU
		{3056FAE4-EEB2-71C4-62F0-120883E6DB40}.Release|Any CPU.Build.0 = Release|Any CPU
	EndGlobalSection
	GlobalSection(SolutionProperties) = preSolution
		HideSolutionNode = FALSE
	EndGlobalSection
	GlobalSection(MonoDevelopProperties) = preSolution
		StartupItem = Assembly-CSharp.csproj
	EndGlobalSection
EndGlobal
